
Microsoft Visual Studio Solution File, Format Version 12.00
# Visual Studio Version 16
VisualStudioVersion = 16.0.31205.134
MinimumVisualStudioVersion = 10.0.40219.1
Project("{8BC9CEB8-8B4A-11D0-8D11-00A0C91BC942}") = "ChainReaction", "ChainReaction.vcxproj", "{3095BFA6-39C8-4789-AE40-5BAA4C54070A}"
EndProject
Global
	GlobalSection(SolutionConfigurationPlatforms) = preSolution
		Debug|x64 = Debug|x64
		Debug|x86 = Debug|x86
		Release|x64 = Release|x64
		Release|x86 = Release|x86
	EndGlobalSection
	GlobalSection(ProjectConfigurationPlatforms) = postSolution
		{3095BFA6-39C8-4789-AE40-5BAA4C54070A}.Debug|x64.ActiveCfg = Debug|x64
		{3095BFA6-39C8-4789-AE40-5BAA4C54070A}.Debug|x64.Build.0 = Debug|x64
		{3095BFA6-39C8-4789-AE40-5BAA4C54070A}.Debug|x86.ActiveCfg = Debug|Win32
		{3095BFA6-39C8-4789-AE40-5BAA4C54070A}.Debug|x86.Build.0 = Debug|Win32
		{3095BFA6-39C8-4789-AE40-5BAA4C54070A}.Release|x64.ActiveCfg = Release|x64
		{3095BFA6-39C8-4789-AE40-5BAA4C54070A}.Release|x64.Build.0 = Release|x64
		{3095BFA6-39C8-4789-AE40-5BAA4C54070A}.Release|x86.ActiveCfg = Release|Win32
		{3095BFA6-39C8-4789-AE40-5BAA4C54070A}.Release|x86.Build.0 = Release|Win32
	EndGlobalSection
	GlobalSection(SolutionProperties) = preSolution
		HideSolutionNode = FALSE
	EndGlobalSection
	GlobalSection(ExtensibilityGlobals) = postSolution
		SolutionGuid = {310C8CC7-19E9-4215-8ECC-43F20DA2B8CC}
	EndGlobalSection
EndGlobal
